
Microsoft Visual Studio Solution File, Format Version 12.00
# Visual Studio 2012
Project("{FAE04EC0-301F-11D3-BF4B-00C04F79EFBC}") = "Personal-Project", "Personal-Project\Personal-Project.csproj", "{CB1A0B49-1764-4195-B510-D48062642834}"
EndProject
Global
	GlobalSection(SolutionConfigurationPlatforms) = preSolution
		Debug|Any CPU = Debug|Any CPU
		Release|Any CPU = Release|Any CPU
	EndGlobalSection
	GlobalSection(ProjectConfigurationPlatforms) = postSolution
		{CB1A0B49-1764-4195-B510-D48062642834}.Debug|Any CPU.ActiveCfg = Debug|Any CPU
		{CB1A0B49-1764-4195-B510-D48062642834}.Debug|Any CPU.Build.0 = Debug|Any CPU
		{CB1A0B49-1764-4195-B510-D48062642834}.Release|Any CPU.ActiveCfg = Release|Any CPU
		{CB1A0B49-1764-4195-B510-D48062642834}.Release|Any CPU.Build.0 = Release|Any CPU
	EndGlobalSection
	GlobalSection(SolutionProperties) = preSolution
		HideSolutionNode = FALSE
	EndGlobalSection
EndGlobal
